
Microsoft Visual Studio Solution File, Format Version 12.00
# Visual Studio Version 16
VisualStudioVersion = 16.0.31205.134
MinimumVisualStudioVersion = 10.0.40219.1
Project("{9A19103F-16F7-4668-BE54-9A1E7A4F7556}") = "task1", "task1\task1.csproj", "{0E4D9508-A51E-413F-9E11-4E08EB0A53C7}"
EndProject
Project("{FAE04EC0-301F-11D3-BF4B-00C04F79EFBC}") = "task2", "task2\task2.csproj", "{35361F81-BD42-4533-87B3-51B46411A46F}"
EndProject
Global
	GlobalSection(SolutionConfigurationPlatforms) = preSolution
		Debug|Any CPU = Debug|Any CPU
		Release|Any CPU = Release|Any CPU
	EndGlobalSection
	GlobalSection(ProjectConfigurationPlatforms) = postSolution
		{0E4D9508-A51E-413F-9E11-4E08EB0A53C7}.Debug|Any CPU.ActiveCfg = Debug|Any CPU
		{0E4D9508-A51E-413F-9E11-4E08EB0A53C7}.Debug|Any CPU.Build.0 = Debug|Any CPU
		{0E4D9508-A51E-413F-9E11-4E08EB0A53C7}.Release|Any CPU.ActiveCfg = Release|Any CPU
		{0E4D9508-A51E-413F-9E11-4E08EB0A53C7}.Release|Any CPU.Build.0 = Release|Any CPU
		{35361F81-BD42-4533-87B3-51B46411A46F}.Debug|Any CPU.ActiveCfg = Debug|Any CPU
		{35361F81-BD42-4533-87B3-51B46411A46F}.Debug|Any CPU.Build.0 = Debug|Any CPU
		{35361F81-BD42-4533-87B3-51B46411A46F}.Release|Any CPU.ActiveCfg = Release|Any CPU
		{35361F81-BD42-4533-87B3-51B46411A46F}.Release|Any CPU.Build.0 = Release|Any CPU
	EndGlobalSection
	GlobalSection(SolutionProperties) = preSolution
		HideSolutionNode = FALSE
	EndGlobalSection
	GlobalSection(ExtensibilityGlobals) = postSolution
		SolutionGuid = {896CEAC6-8A42-4B19-85D5-28DD55C69D5C}
	EndGlobalSection
EndGlobal
